
Microsoft Visual Studio Solution File, Format Version 12.00
# Visual Studio Version 17
VisualStudioVersion = 17.0.31903.59
MinimumVisualStudioVersion = 10.0.40219.1
Project("{9A19103F-16F7-4668-BE54-9A1E7A4F7556}") = "DailyDuty", "DailyDuty\DailyDuty.csproj", "{ED012F22-F994-4178-809F-7CDC44BFF840}"
EndProject
Project("{FAE04EC0-301F-11D3-BF4B-00C04F79EFBC}") = "KamiLib", "KamiLib\KamiLib.csproj", "{BDF198BE-0703-408A-B179-B7E00C7B8663}"
EndProject
Global
	GlobalSection(SolutionConfigurationPlatforms) = preSolution
		Debug|x64 = Debug|x64
		Release|x64 = Release|x64
	EndGlobalSection
	GlobalSection(ProjectConfigurationPlatforms) = postSolution
		{ED012F22-F994-4178-809F-7CDC44BFF840}.Debug|x64.ActiveCfg = Debug|x64
		{ED012F22-F994-4178-809F-7CDC44BFF840}.Debug|x64.Build.0 = Debug|x64
		{ED012F22-F994-4178-809F-7CDC44BFF840}.Release|x64.ActiveCfg = Release|x64
		{ED012F22-F994-4178-809F-7CDC44BFF840}.Release|x64.Build.0 = Release|x64
		{BDF198BE-0703-408A-B179-B7E00C7B8663}.Debug|x64.ActiveCfg = Debug|x64
		{BDF198BE-0703-408A-B179-B7E00C7B8663}.Debug|x64.Build.0 = Debug|x64
		{BDF198BE-0703-408A-B179-B7E00C7B8663}.Release|x64.ActiveCfg = Release|x64
		{BDF198BE-0703-408A-B179-B7E00C7B8663}.Release|x64.Build.0 = Release|x64
	EndGlobalSection
	GlobalSection(SolutionProperties) = preSolution
		HideSolutionNode = FALSE
	EndGlobalSection
	GlobalSection(ExtensibilityGlobals) = postSolution
		SolutionGuid = {B17E85B1-5F60-4440-9F9A-3DDE877E8CDF}
	EndGlobalSection
EndGlobal
