{
  "version": 1,
  "dependencies": {
    "net6.0-windows7.0": {
      "DalamudPackager": {
        "type": "Direct",
        "requested": "[2.1.9, )",
        "resolved": "2.1.9",
        "contentHash": "raxjlbAWAt9AYXTiRlRJOHHFOraNicVsPJXlFQEzx+Ym2Imh990llQ5bQ+DACVGgy65+axVnlL9QwkKspY5yzQ=="
      },
      "kamilib": {
        "type": "Project"
      }
    }
  }
}